
Microsoft Visual Studio Solution File, Format Version 12.00
# Visual Studio 15
Project("{FAE04EC0-301F-11D3-BF4B-00C04F79EFBC}") = "AppConfigIgnoredByXamarinAndroid.Android", "AppConfigIgnoredByXamarinAndroid.Android\AppConfigIgnoredByXamarinAndroid.Android.csproj", "{5009FA28-5B9D-4765-8258-A0DEEACA5D51}"
EndProject
Project("{FAE04EC0-301F-11D3-BF4B-00C04F79EFBC}") = "AppConfigIgnoredByXamarinAndroid.iOS", "AppConfigIgnoredByXamarinAndroid.iOS\AppConfigIgnoredByXamarinAndroid.iOS.csproj", "{7D6B3B5E-BD74-4E72-804C-78E4CA546F49}"
EndProject
Project("{FAE04EC0-301F-11D3-BF4B-00C04F79EFBC}") = "AppConfigIgnoredByXamarinAndroid", "AppConfigIgnoredByXamarinAndroid\AppConfigIgnoredByXamarinAndroid.csproj", "{94E92114-9851-4B21-BF79-702D26704896}"
EndProject
Global
	GlobalSection(SolutionConfigurationPlatforms) = preSolution
		Debug|Any CPU = Debug|Any CPU
		Release|Any CPU = Release|Any CPU
		Debug|iPhoneSimulator = Debug|iPhoneSimulator
		Release|iPhoneSimulator = Release|iPhoneSimulator
		Debug|iPhone = Debug|iPhone
		Release|iPhone = Release|iPhone
		Ad-Hoc|iPhone = Ad-Hoc|iPhone
		AppStore|iPhone = AppStore|iPhone
	EndGlobalSection
	GlobalSection(ProjectConfigurationPlatforms) = postSolution
		{5009FA28-5B9D-4765-8258-A0DEEACA5D51}.Debug|Any CPU.ActiveCfg = Debug|Any CPU
		{5009FA28-5B9D-4765-8258-A0DEEACA5D51}.Debug|Any CPU.Build.0 = Debug|Any CPU
		{5009FA28-5B9D-4765-8258-A0DEEACA5D51}.Release|Any CPU.ActiveCfg = Release|Any CPU
		{5009FA28-5B9D-4765-8258-A0DEEACA5D51}.Release|Any CPU.Build.0 = Release|Any CPU
		{5009FA28-5B9D-4765-8258-A0DEEACA5D51}.Debug|iPhoneSimulator.ActiveCfg = Debug|Any CPU
		{5009FA28-5B9D-4765-8258-A0DEEACA5D51}.Debug|iPhoneSimulator.Build.0 = Debug|Any CPU
		{5009FA28-5B9D-4765-8258-A0DEEACA5D51}.Release|iPhoneSimulator.ActiveCfg = Release|Any CPU
		{5009FA28-5B9D-4765-8258-A0DEEACA5D51}.Release|iPhoneSimulator.Build.0 = Release|Any CPU
		{5009FA28-5B9D-4765-8258-A0DEEACA5D51}.Debug|iPhone.ActiveCfg = Debug|Any CPU
		{5009FA28-5B9D-4765-8258-A0DEEACA5D51}.Debug|iPhone.Build.0 = Debug|Any CPU
		{5009FA28-5B9D-4765-8258-A0DEEACA5D51}.Release|iPhone.ActiveCfg = Release|Any CPU
		{5009FA28-5B9D-4765-8258-A0DEEACA5D51}.Release|iPhone.Build.0 = Release|Any CPU
		{5009FA28-5B9D-4765-8258-A0DEEACA5D51}.Ad-Hoc|iPhone.ActiveCfg = Debug|Any CPU
		{5009FA28-5B9D-4765-8258-A0DEEACA5D51}.Ad-Hoc|iPhone.Build.0 = Debug|Any CPU
		{5009FA28-5B9D-4765-8258-A0DEEACA5D51}.AppStore|iPhone.ActiveCfg = Debug|Any CPU
		{5009FA28-5B9D-4765-8258-A0DEEACA5D51}.AppStore|iPhone.Build.0 = Debug|Any CPU
		{7D6B3B5E-BD74-4E72-804C-78E4CA546F49}.Debug|Any CPU.ActiveCfg = Debug|iPhoneSimulator
		{7D6B3B5E-BD74-4E72-804C-78E4CA546F49}.Debug|Any CPU.Build.0 = Debug|iPhoneSimulator
		{7D6B3B5E-BD74-4E72-804C-78E4CA546F49}.Release|Any CPU.ActiveCfg = Release|iPhoneSimulator
		{7D6B3B5E-BD74-4E72-804C-78E4CA546F49}.Release|Any CPU.Build.0 = Release|iPhoneSimulator
		{7D6B3B5E-BD74-4E72-804C-78E4CA546F49}.Debug|iPhoneSimulator.ActiveCfg = Debug|iPhoneSimulator
		{7D6B3B5E-BD74-4E72-804C-78E4CA546F49}.Debug|iPhoneSimulator.Build.0 = Debug|iPhoneSimulator
		{7D6B3B5E-BD74-4E72-804C-78E4CA546F49}.Release|iPhoneSimulator.ActiveCfg = Release|iPhoneSimulator
		{7D6B3B5E-BD74-4E72-804C-78E4CA546F49}.Release|iPhoneSimulator.Build.0 = Release|iPhoneSimulator
		{7D6B3B5E-BD74-4E72-804C-78E4CA546F49}.Debug|iPhone.ActiveCfg = Debug|iPhone
		{7D6B3B5E-BD74-4E72-804C-78E4CA546F49}.Debug|iPhone.Build.0 = Debug|iPhone
		{7D6B3B5E-BD74-4E72-804C-78E4CA546F49}.Release|iPhone.ActiveCfg = Release|iPhone
		{7D6B3B5E-BD74-4E72-804C-78E4CA546F49}.Release|iPhone.Build.0 = Release|iPhone
		{7D6B3B5E-BD74-4E72-804C-78E4CA546F49}.Ad-Hoc|iPhone.ActiveCfg = Ad-Hoc|iPhone
		{7D6B3B5E-BD74-4E72-804C-78E4CA546F49}.Ad-Hoc|iPhone.Build.0 = Ad-Hoc|iPhone
		{7D6B3B5E-BD74-4E72-804C-78E4CA546F49}.AppStore|iPhone.ActiveCfg = AppStore|iPhone
		{7D6B3B5E-BD74-4E72-804C-78E4CA546F49}.AppStore|iPhone.Build.0 = AppStore|iPhone
		{94E92114-9851-4B21-BF79-702D26704896}.Debug|Any CPU.ActiveCfg = Debug|Any CPU
		{94E92114-9851-4B21-BF79-702D26704896}.Debug|Any CPU.Build.0 = Debug|Any CPU
		{94E92114-9851-4B21-BF79-702D26704896}.Release|Any CPU.ActiveCfg = Release|Any CPU
		{94E92114-9851-4B21-BF79-702D26704896}.Release|Any CPU.Build.0 = Release|Any CPU
		{94E92114-9851-4B21-BF79-702D26704896}.Debug|iPhoneSimulator.ActiveCfg = Debug|Any CPU
		{94E92114-9851-4B21-BF79-702D26704896}.Debug|iPhoneSimulator.Build.0 = Debug|Any CPU
		{94E92114-9851-4B21-BF79-702D26704896}.Release|iPhoneSimulator.ActiveCfg = Release|Any CPU
		{94E92114-9851-4B21-BF79-702D26704896}.Release|iPhoneSimulator.Build.0 = Release|Any CPU
		{94E92114-9851-4B21-BF79-702D26704896}.Debug|iPhone.ActiveCfg = Debug|Any CPU
		{94E92114-9851-4B21-BF79-702D26704896}.Debug|iPhone.Build.0 = Debug|Any CPU
		{94E92114-9851-4B21-BF79-702D26704896}.Release|iPhone.ActiveCfg = Release|Any CPU
		{94E92114-9851-4B21-BF79-702D26704896}.Release|iPhone.Build.0 = Release|Any CPU
		{94E92114-9851-4B21-BF79-702D26704896}.Ad-Hoc|iPhone.ActiveCfg = Debug|Any CPU
		{94E92114-9851-4B21-BF79-702D26704896}.Ad-Hoc|iPhone.Build.0 = Debug|Any CPU
		{94E92114-9851-4B21-BF79-702D26704896}.AppStore|iPhone.ActiveCfg = Debug|Any CPU
		{94E92114-9851-4B21-BF79-702D26704896}.AppStore|iPhone.Build.0 = Debug|Any CPU
	EndGlobalSection
EndGlobal
